
Microsoft Visual Studio Solution File, Format Version 12.00
Project("{FAE04EC0-301F-11D3-BF4B-00C04F79EFBC}") = "TyreDegradation.MainApp", "TyreDegradation.MainApp\TyreDegradation.MainApp.csproj", "{1E483793-FBBC-49DC-AA42-DFAFB4AFCD56}"
EndProject
Project("{2150E333-8FDC-42A3-9474-1A3956D46DE8}") = "TyreDegradation.Data", "TyreDegradation.Data", "{68173CD8-EC70-430C-827F-27FCA5D1A462}"
EndProject
Project("{FAE04EC0-301F-11D3-BF4B-00C04F79EFBC}") = "TyreDegradation.Data.Parsers", "TyreDegradation.Data\TyreDegradation.Data.Parsers\TyreDegradation.Data.Parsers.csproj", "{D140DD83-19B6-4B5D-BFA5-4B16DD768CC9}"
EndProject
Project("{FAE04EC0-301F-11D3-BF4B-00C04F79EFBC}") = "TyreDegradation.Data.Parsers.UnitTests", "TyreDegradation.Data\TyreDegradation.Data.Parsers.UnitTests\TyreDegradation.Data.Parsers.UnitTests.csproj", "{7AFE80FD-D656-49DB-B9E1-B06F644D4CD0}"
EndProject
Project("{2150E333-8FDC-42A3-9474-1A3956D46DE8}") = "UnitTests", "UnitTests", "{3FD8E7AD-E4A3-4158-A861-2E9D7DF0FE4A}"
EndProject
Project("{FAE04EC0-301F-11D3-BF4B-00C04F79EFBC}") = "TyreDegradation.Contract", "TyreDegradation.Contract\TyreDegradation.Contract.csproj", "{A29B1C0B-0006-4CED-A04C-6C978A4343FC}"
EndProject
Project("{2150E333-8FDC-42A3-9474-1A3956D46DE8}") = "TyreDegradation.Business", "TyreDegradation.Business", "{6697BB3A-7289-48CD-A6E7-23A96AB63B78}"
EndProject
Project("{FAE04EC0-301F-11D3-BF4B-00C04F79EFBC}") = "TyreDegradation.Business.Calculations", "TyreDegradation.Business.Calculations\TyreDegradation.Business.Calculations.csproj", "{CEB1C456-C428-4EE5-9504-30856A8B01E3}"
EndProject
Project("{2150E333-8FDC-42A3-9474-1A3956D46DE8}") = "TyreDegradation.Services", "TyreDegradation.Services", "{9B1C7046-7CF9-4998-8063-9136DB33761E}"
EndProject
Project("{FAE04EC0-301F-11D3-BF4B-00C04F79EFBC}") = "TyreDegradation.Services.Results", "TyreDegradation.Services.Results\TyreDegradation.Services.Results.csproj", "{C951704E-E5F8-429A-8D35-AEE864EE71AE}"
EndProject
Project("{2150E333-8FDC-42A3-9474-1A3956D46DE8}") = "UnitTests", "UnitTests", "{AF1F5D72-FEE7-4081-9854-55DF14503602}"
EndProject
Project("{FAE04EC0-301F-11D3-BF4B-00C04F79EFBC}") = "TyreDegradation.Business.Calculations.UnitTests", "TyreDegradation.Business.Calculations.UnitTests\TyreDegradation.Business.Calculations.UnitTests.csproj", "{D2FAEB27-8606-4DDE-A718-685E19819A71}"
EndProject
Project("{2150E333-8FDC-42A3-9474-1A3956D46DE8}") = "TyreDegradation.App", "TyreDegradation.App", "{0B9B186A-4BFB-4305-9808-67C00B8CAB16}"
EndProject
Project("{2150E333-8FDC-42A3-9474-1A3956D46DE8}") = "TyreDegradation.App.UnitsTests", "TyreDegradation.App.UnitsTests", "{79C8375A-ED8F-4148-A161-E68B99C31CD6}"
EndProject
Project("{FAE04EC0-301F-11D3-BF4B-00C04F79EFBC}") = "TyreDegradation.MainApp.UnitTests", "TyreDegradation.MainApp.UnitTests\TyreDegradation.MainApp.UnitTests.csproj", "{B4F7661D-AEDB-4A68-A76F-ADC18AE4AD18}"
EndProject
Global
	GlobalSection(SolutionConfigurationPlatforms) = preSolution
		Debug|Any CPU = Debug|Any CPU
		Release|Any CPU = Release|Any CPU
	EndGlobalSection
	GlobalSection(ProjectConfigurationPlatforms) = postSolution
		{1E483793-FBBC-49DC-AA42-DFAFB4AFCD56}.Debug|Any CPU.ActiveCfg = Debug|Any CPU
		{1E483793-FBBC-49DC-AA42-DFAFB4AFCD56}.Debug|Any CPU.Build.0 = Debug|Any CPU
		{1E483793-FBBC-49DC-AA42-DFAFB4AFCD56}.Release|Any CPU.ActiveCfg = Release|Any CPU
		{1E483793-FBBC-49DC-AA42-DFAFB4AFCD56}.Release|Any CPU.Build.0 = Release|Any CPU
		{D140DD83-19B6-4B5D-BFA5-4B16DD768CC9}.Debug|Any CPU.ActiveCfg = Debug|Any CPU
		{D140DD83-19B6-4B5D-BFA5-4B16DD768CC9}.Debug|Any CPU.Build.0 = Debug|Any CPU
		{D140DD83-19B6-4B5D-BFA5-4B16DD768CC9}.Release|Any CPU.ActiveCfg = Release|Any CPU
		{D140DD83-19B6-4B5D-BFA5-4B16DD768CC9}.Release|Any CPU.Build.0 = Release|Any CPU
		{7AFE80FD-D656-49DB-B9E1-B06F644D4CD0}.Debug|Any CPU.ActiveCfg = Debug|Any CPU
		{7AFE80FD-D656-49DB-B9E1-B06F644D4CD0}.Debug|Any CPU.Build.0 = Debug|Any CPU
		{7AFE80FD-D656-49DB-B9E1-B06F644D4CD0}.Release|Any CPU.ActiveCfg = Release|Any CPU
		{7AFE80FD-D656-49DB-B9E1-B06F644D4CD0}.Release|Any CPU.Build.0 = Release|Any CPU
		{A29B1C0B-0006-4CED-A04C-6C978A4343FC}.Debug|Any CPU.ActiveCfg = Debug|Any CPU
		{A29B1C0B-0006-4CED-A04C-6C978A4343FC}.Debug|Any CPU.Build.0 = Debug|Any CPU
		{A29B1C0B-0006-4CED-A04C-6C978A4343FC}.Release|Any CPU.ActiveCfg = Release|Any CPU
		{A29B1C0B-0006-4CED-A04C-6C978A4343FC}.Release|Any CPU.Build.0 = Release|Any CPU
		{CEB1C456-C428-4EE5-9504-30856A8B01E3}.Debug|Any CPU.ActiveCfg = Debug|Any CPU
		{CEB1C456-C428-4EE5-9504-30856A8B01E3}.Debug|Any CPU.Build.0 = Debug|Any CPU
		{CEB1C456-C428-4EE5-9504-30856A8B01E3}.Release|Any CPU.ActiveCfg = Release|Any CPU
		{CEB1C456-C428-4EE5-9504-30856A8B01E3}.Release|Any CPU.Build.0 = Release|Any CPU
		{C951704E-E5F8-429A-8D35-AEE864EE71AE}.Debug|Any CPU.ActiveCfg = Debug|Any CPU
		{C951704E-E5F8-429A-8D35-AEE864EE71AE}.Debug|Any CPU.Build.0 = Debug|Any CPU
		{C951704E-E5F8-429A-8D35-AEE864EE71AE}.Release|Any CPU.ActiveCfg = Release|Any CPU
		{C951704E-E5F8-429A-8D35-AEE864EE71AE}.Release|Any CPU.Build.0 = Release|Any CPU
		{D2FAEB27-8606-4DDE-A718-685E19819A71}.Debug|Any CPU.ActiveCfg = Debug|Any CPU
		{D2FAEB27-8606-4DDE-A718-685E19819A71}.Debug|Any CPU.Build.0 = Debug|Any CPU
		{D2FAEB27-8606-4DDE-A718-685E19819A71}.Release|Any CPU.ActiveCfg = Release|Any CPU
		{D2FAEB27-8606-4DDE-A718-685E19819A71}.Release|Any CPU.Build.0 = Release|Any CPU
		{B4F7661D-AEDB-4A68-A76F-ADC18AE4AD18}.Debug|Any CPU.ActiveCfg = Debug|Any CPU
		{B4F7661D-AEDB-4A68-A76F-ADC18AE4AD18}.Debug|Any CPU.Build.0 = Debug|Any CPU
		{B4F7661D-AEDB-4A68-A76F-ADC18AE4AD18}.Release|Any CPU.ActiveCfg = Release|Any CPU
		{B4F7661D-AEDB-4A68-A76F-ADC18AE4AD18}.Release|Any CPU.Build.0 = Release|Any CPU
	EndGlobalSection
	GlobalSection(NestedProjects) = preSolution
		{D140DD83-19B6-4B5D-BFA5-4B16DD768CC9} = {68173CD8-EC70-430C-827F-27FCA5D1A462}
		{3FD8E7AD-E4A3-4158-A861-2E9D7DF0FE4A} = {68173CD8-EC70-430C-827F-27FCA5D1A462}
		{7AFE80FD-D656-49DB-B9E1-B06F644D4CD0} = {3FD8E7AD-E4A3-4158-A861-2E9D7DF0FE4A}
		{CEB1C456-C428-4EE5-9504-30856A8B01E3} = {6697BB3A-7289-48CD-A6E7-23A96AB63B78}
		{C951704E-E5F8-429A-8D35-AEE864EE71AE} = {9B1C7046-7CF9-4998-8063-9136DB33761E}
		{AF1F5D72-FEE7-4081-9854-55DF14503602} = {6697BB3A-7289-48CD-A6E7-23A96AB63B78}
		{D2FAEB27-8606-4DDE-A718-685E19819A71} = {AF1F5D72-FEE7-4081-9854-55DF14503602}
		{1E483793-FBBC-49DC-AA42-DFAFB4AFCD56} = {0B9B186A-4BFB-4305-9808-67C00B8CAB16}
		{79C8375A-ED8F-4148-A161-E68B99C31CD6} = {0B9B186A-4BFB-4305-9808-67C00B8CAB16}
		{B4F7661D-AEDB-4A68-A76F-ADC18AE4AD18} = {79C8375A-ED8F-4148-A161-E68B99C31CD6}
	EndGlobalSection
EndGlobal
